{"version":4,"terraform_version":"1.10.2","serial":1,"lineage":"9708406a-a0f3-8c08-151d-7c6617e7c68f","outputs":{},"resources":[{"module":"module.state","mode":"managed","type":"google_storage_bucket","name":"state","provider":"provider[\"registry.opentofu.org/hashicorp/google\"]","instances":[{"schema_version":3,"attributes":{"autoclass":[],"cors":[],"custom_placement_config":[],"default_event_based_hold":false,"effective_labels":{"goog-terraform-provisioned":"true"},"enable_object_retention":false,"encryption":[],"force_destroy":false,"hierarchical_namespace":[{"enabled":false}],"id":"hang-now-state","ip_filter":[],"labels":null,"lifecycle_rule":[{"action":[{"storage_class":"","type":"Delete"}],"condition":[{"age":0,"created_before":"","custom_time_before":"","days_since_custom_time":0,"days_since_noncurrent_time":0,"matches_prefix":[],"matches_storage_class":[],"matches_suffix":[],"noncurrent_time_before":"","num_newer_versions":5,"send_age_if_zero":false,"send_days_since_custom_time_if_zero":false,"send_days_since_noncurrent_time_if_zero":false,"send_num_newer_versions_if_zero":false,"with_state":"ANY"}]}],"location":"US-CENTRAL1","logging":[],"name":"hang-now-state","project":"hang-now","project_number":1093943946174,"public_access_prevention":"inherited","requester_pays":false,"retention_policy":[],"rpo":null,"self_link":"https://www.googleapis.com/storage/v1/b/hang-now-state","soft_delete_policy":[{"effective_time":"2025-07-09T22:53:29.003Z","retention_duration_seconds":604800}],"storage_class":"STANDARD","terraform_labels":{"goog-terraform-provisioned":"true"},"time_created":"2025-07-09T22:53:29.003Z","timeouts":null,"uniform_bucket_level_access":true,"updated":"2025-07-09T22:53:29.003Z","url":"gs://hang-now-state","versioning":[{"enabled":true}],"website":[]},"sensitive_attributes":[],"private":"eyJlMmJmYjczMC1lY2FhLTExZTYtOGY4OC0zNDM2M2JjN2M0YzAiOnsiY3JlYXRlIjo2MDAwMDAwMDAwMDAsInJlYWQiOjI0MDAwMDAwMDAwMCwidXBkYXRlIjoyNDAwMDAwMDAwMDB9LCJzY2hlbWFfdmVyc2lvbiI6IjMifQ=="}]},{"module":"module.state","mode":"managed","type":"google_storage_bucket_iam_binding","name":"state_access","provider":"provider[\"registry.opentofu.org/hashicorp/google\"]","instances":[{"schema_version":0,"attributes":{"bucket":"b/hang-now-state","condition":[],"etag":"CAI=","id":"b/hang-now-state/roles/storage.admin","members":["user:kixelated@gmail.com"],"role":"roles/storage.admin"},"sensitive_attributes":[],"private":"bnVsbA==","dependencies":["module.state.google_storage_bucket.state"]}]}],"check_results":null}
