{"version":4,"terraform_version":"1.10.2","serial":7,"lineage":"9708406a-a0f3-8c08-151d-7c6617e7c68f","outputs":{},"resources":[{"module":"module.state","mode":"managed","type":"cloudflare_r2_bucket","name":"state","provider":"provider[\"registry.opentofu.org/cloudflare/cloudflare\"]","instances":[{"schema_version":0,"attributes":{"account_id":"dd618f5dbd5da77b8296f1613c301f5c","creation_date":"2025-07-10T05:58:16.415Z","id":"hang-now-terraform-state","jurisdiction":"default","location":"WNAM","name":"hang-now-terraform-state","storage_class":"Standard"},"sensitive_attributes":[]}]}],"check_results":null}
